
Microsoft Visual Studio Solution File, Format Version 12.00
# Visual Studio 15
VisualStudioVersion = 15.0.28307.271
MinimumVisualStudioVersion = 10.0.40219.1
Project("{FAE04EC0-301F-11D3-BF4B-00C04F79EFBC}") = "PetsAmokPractice", "PetsAmokPractice\PetsAmokPractice.csproj", "{C53DD3AA-C35E-46BA-9DF6-11426A11F495}"
EndProject
Project("{FAE04EC0-301F-11D3-BF4B-00C04F79EFBC}") = "PetsAmokPractice.Tests", "PetsAmokPractice.Tests\PetsAmokPractice.Tests.csproj", "{CE6897CE-8D04-40C8-82D6-D6C61D1D9509}"
EndProject
Global
	GlobalSection(SolutionConfigurationPlatforms) = preSolution
		Debug|Any CPU = Debug|Any CPU
		Release|Any CPU = Release|Any CPU
	EndGlobalSection
	GlobalSection(ProjectConfigurationPlatforms) = postSolution
		{C53DD3AA-C35E-46BA-9DF6-11426A11F495}.Debug|Any CPU.ActiveCfg = Debug|Any CPU
		{C53DD3AA-C35E-46BA-9DF6-11426A11F495}.Debug|Any CPU.Build.0 = Debug|Any CPU
		{C53DD3AA-C35E-46BA-9DF6-11426A11F495}.Release|Any CPU.ActiveCfg = Release|Any CPU
		{C53DD3AA-C35E-46BA-9DF6-11426A11F495}.Release|Any CPU.Build.0 = Release|Any CPU
		{CE6897CE-8D04-40C8-82D6-D6C61D1D9509}.Debug|Any CPU.ActiveCfg = Debug|Any CPU
		{CE6897CE-8D04-40C8-82D6-D6C61D1D9509}.Debug|Any CPU.Build.0 = Debug|Any CPU
		{CE6897CE-8D04-40C8-82D6-D6C61D1D9509}.Release|Any CPU.ActiveCfg = Release|Any CPU
		{CE6897CE-8D04-40C8-82D6-D6C61D1D9509}.Release|Any CPU.Build.0 = Release|Any CPU
	EndGlobalSection
	GlobalSection(SolutionProperties) = preSolution
		HideSolutionNode = FALSE
	EndGlobalSection
	GlobalSection(ExtensibilityGlobals) = postSolution
		SolutionGuid = {BEEAA6CC-9EC2-42CE-823C-6F909AFD9BAF}
	EndGlobalSection
EndGlobal
